
Microsoft Visual Studio Solution File, Format Version 12.00
# Visual Studio Version 17
VisualStudioVersion = 17.4.33103.184
MinimumVisualStudioVersion = 10.0.40219.1
Project("{FAE04EC0-301F-11D3-BF4B-00C04F79EFBC}") = "WindowsApp", "WindowsApp\WindowsApp.csproj", "{1C3171B7-80D4-4101-A617-2BA98DC83F66}"
EndProject
Global
	GlobalSection(SolutionConfigurationPlatforms) = preSolution
		Debug|Any CPU = Debug|Any CPU
		Release|Any CPU = Release|Any CPU
	EndGlobalSection
	GlobalSection(ProjectConfigurationPlatforms) = postSolution
		{1C3171B7-80D4-4101-A617-2BA98DC83F66}.Debug|Any CPU.ActiveCfg = Debug|Any CPU
		{1C3171B7-80D4-4101-A617-2BA98DC83F66}.Debug|Any CPU.Build.0 = Debug|Any CPU
		{1C3171B7-80D4-4101-A617-2BA98DC83F66}.Release|Any CPU.ActiveCfg = Release|Any CPU
		{1C3171B7-80D4-4101-A617-2BA98DC83F66}.Release|Any CPU.Build.0 = Release|Any CPU
	EndGlobalSection
	GlobalSection(SolutionProperties) = preSolution
		HideSolutionNode = FALSE
	EndGlobalSection
	GlobalSection(ExtensibilityGlobals) = postSolution
		SolutionGuid = {55AF8B9E-E066-4B13-88E2-37057F0649F1}
	EndGlobalSection
EndGlobal
